<?xml version="1.0" encoding="utf-8"?>
<Project ToolsVersion="4.0" xmlns="http://schemas.microsoft.com/developer/msbuild/2003">
  <ItemGroup>
    <Filter Include="소스 파일">
      <UniqueIdentifier>{4FC737F1-C7A5-4376-A066-2A32D752A2FF}</UniqueIdentifier>
      <Extensions>cpp;c;cc;cxx;def;odl;idl;hpj;bat;asm;asmx</Extensions>
    </Filter>
    <Filter Include="헤더 파일">
      <UniqueIdentifier>{93995380-89BD-4b04-88EB-625FBE52EBFB}</UniqueIdentifier>
      <Extensions>h;hh;hpp;hxx;hm;inl;inc;ipp;xsd</Extensions>
    </Filter>
    <Filter Include="리소스 파일">
      <UniqueIdentifier>{67DA6AB6-F800-4c08-8B7A-83BB121AAD01}</UniqueIdentifier>
      <Extensions>rc;ico;cur;bmp;dlg;rc2;rct;bin;rgs;gif;jpg;jpeg;jpe;resx;tiff;tif;png;wav;mfcribbon-ms</Extensions>
    </Filter>
  </ItemGroup>
  <ItemGroup>
    <ClCompile Include="소스코드\!미완성_[2098]외판원 순회.cpp">
      <Filter>소스 파일</Filter>
    </ClCompile>
    <ClCompile Include="소스코드\!미완성_[22348]헬기 착륙장.cpp">
      <Filter>소스 파일</Filter>
    </ClCompile>
    <ClCompile Include="소스코드\[1002]터렛.cpp">
      <Filter>소스 파일</Filter>
    </ClCompile>
    <ClCompile Include="소스코드\[1003]피보나치 함수.cpp">
      <Filter>소스 파일</Filter>
    </ClCompile>
    <ClCompile Include="소스코드\[1004]어린 왕자.cpp">
      <Filter>소스 파일</Filter>
    </ClCompile>
    <ClCompile Include="소스코드\[1005]ACM Craft.cpp">
      <Filter>소스 파일</Filter>
    </ClCompile>
    <ClCompile Include="소스코드\[1009]분산처리.cpp">
      <Filter>소스 파일</Filter>
    </ClCompile>
    <ClCompile Include="소스코드\[1010]다리 놓기.cpp">
      <Filter>소스 파일</Filter>
    </ClCompile>
    <ClCompile Include="소스코드\[1012]유기농 배추.cpp">
      <Filter>소스 파일</Filter>
    </ClCompile>
    <ClCompile Include="소스코드\[1018]체스판 다시 칠하기.cpp">
      <Filter>소스 파일</Filter>
    </ClCompile>
    <ClCompile Include="소스코드\[1026]보물.cpp">
      <Filter>소스 파일</Filter>
    </ClCompile>
    <ClCompile Include="소스코드\[1038]감소하는 수.cpp">
      <Filter>소스 파일</Filter>
    </ClCompile>
    <ClCompile Include="소스코드\[1043]거짓말.cpp">
      <Filter>소스 파일</Filter>
    </ClCompile>
    <ClCompile Include="소스코드\[1065]한수.cpp">
      <Filter>소스 파일</Filter>
    </ClCompile>
    <ClCompile Include="소스코드\[1072]게임_왜 틀렸을까.cpp">
      <Filter>소스 파일</Filter>
    </ClCompile>
    <ClCompile Include="소스코드\[1074]Z.cpp">
      <Filter>소스 파일</Filter>
    </ClCompile>
    <ClCompile Include="소스코드\[1085]직사각형에서 탈출.cpp">
      <Filter>소스 파일</Filter>
    </ClCompile>
    <ClCompile Include="소스코드\[1107]리모컨.cpp">
      <Filter>소스 파일</Filter>
    </ClCompile>
    <ClCompile Include="소스코드\[1110]더하기 사이클.cpp">
      <Filter>소스 파일</Filter>
    </ClCompile>
    <ClCompile Include="소스코드\[1120]문자열.cpp">
      <Filter>소스 파일</Filter>
    </ClCompile>
    <ClCompile Include="소스코드\[1149]RGB 거리.cpp">
      <Filter>소스 파일</Filter>
    </ClCompile>
    <ClCompile Include="소스코드\[1152]단어의 개수.cpp">
      <Filter>소스 파일</Filter>
    </ClCompile>
    <ClCompile Include="소스코드\[1157]단어 공부.cpp">
      <Filter>소스 파일</Filter>
    </ClCompile>
    <ClCompile Include="소스코드\[1167]트리의 지름 ★.cpp">
      <Filter>소스 파일</Filter>
    </ClCompile>
    <ClCompile Include="소스코드\[1181]단어 정렬.cpp">
      <Filter>소스 파일</Filter>
    </ClCompile>
    <ClCompile Include="소스코드\[1182]부분수열의 합.cpp">
      <Filter>소스 파일</Filter>
    </ClCompile>
    <ClCompile Include="소스코드\[1197]최소 스패닝 트리_Kruskal ver.cpp">
      <Filter>소스 파일</Filter>
    </ClCompile>
    <ClCompile Include="소스코드\[1238]파티_Dijkstra ver.cpp">
      <Filter>소스 파일</Filter>
    </ClCompile>
    <ClCompile Include="소스코드\[1238]파티_Floyd Warshall ver.cpp">
      <Filter>소스 파일</Filter>
    </ClCompile>
    <ClCompile Include="소스코드\[1259]팰린드롬수.cpp">
      <Filter>소스 파일</Filter>
    </ClCompile>
    <ClCompile Include="소스코드\[1260]DFS와 BFS.cpp">
      <Filter>소스 파일</Filter>
    </ClCompile>
    <ClCompile Include="소스코드\[1261]알고스팟.cpp">
      <Filter>소스 파일</Filter>
    </ClCompile>
    <ClCompile Include="소스코드\[1292]쉽게 푸는 문제.cpp">
      <Filter>소스 파일</Filter>
    </ClCompile>
    <ClCompile Include="소스코드\[1300]K번째 수.cpp">
      <Filter>소스 파일</Filter>
    </ClCompile>
    <ClCompile Include="소스코드\[1309]동물원.cpp">
      <Filter>소스 파일</Filter>
    </ClCompile>
    <ClCompile Include="소스코드\[1316]그룹 단어 체커.cpp">
      <Filter>소스 파일</Filter>
    </ClCompile>
    <ClCompile Include="소스코드\[1389]케빈 베이컨의 6단계 법칙.cpp">
      <Filter>소스 파일</Filter>
    </ClCompile>
    <ClCompile Include="소스코드\[1436]영화감독 숌.cpp">
      <Filter>소스 파일</Filter>
    </ClCompile>
    <ClCompile Include="소스코드\[1446]지름길.cpp">
      <Filter>소스 파일</Filter>
    </ClCompile>
    <ClCompile Include="소스코드\[1475]방 번호.cpp">
      <Filter>소스 파일</Filter>
    </ClCompile>
    <ClCompile Include="소스코드\[1476]날짜 계산.cpp">
      <Filter>소스 파일</Filter>
    </ClCompile>
    <ClCompile Include="소스코드\[1504]특정한 최단 경로.cpp">
      <Filter>소스 파일</Filter>
    </ClCompile>
    <ClCompile Include="소스코드\[1520]내리막 길 ★.cpp">
      <Filter>소스 파일</Filter>
    </ClCompile>
    <ClCompile Include="소스코드\[1541]잃어버린 괄호.cpp">
      <Filter>소스 파일</Filter>
    </ClCompile>
    <ClCompile Include="소스코드\[1546]평균.cpp">
      <Filter>소스 파일</Filter>
    </ClCompile>
    <ClCompile Include="소스코드\[1620]나는야 포켓몬 마스터 이다솜.cpp">
      <Filter>소스 파일</Filter>
    </ClCompile>
    <ClCompile Include="소스코드\[1629]곱셈.cpp">
      <Filter>소스 파일</Filter>
    </ClCompile>
    <ClCompile Include="소스코드\[1647]도시 분할 계획.cpp">
      <Filter>소스 파일</Filter>
    </ClCompile>
    <ClCompile Include="소스코드\[1654]랜선 자르기.cpp">
      <Filter>소스 파일</Filter>
    </ClCompile>
    <ClCompile Include="소스코드\[1655]가운데를 말해요.cpp">
      <Filter>소스 파일</Filter>
    </ClCompile>
    <ClCompile Include="소스코드\[1662]압축.cpp">
      <Filter>소스 파일</Filter>
    </ClCompile>
    <ClCompile Include="소스코드\[1697]숨바꼭질.cpp">
      <Filter>소스 파일</Filter>
    </ClCompile>
    <ClCompile Include="소스코드\[1699]제곱수의 합.cpp">
      <Filter>소스 파일</Filter>
    </ClCompile>
    <ClCompile Include="소스코드\[1717]집합의 표현.cpp">
      <Filter>소스 파일</Filter>
    </ClCompile>
    <ClCompile Include="소스코드\[1753]최단경로(2).cpp">
      <Filter>소스 파일</Filter>
    </ClCompile>
    <ClCompile Include="소스코드\[1753]최단경로.cpp">
      <Filter>소스 파일</Filter>
    </ClCompile>
    <ClCompile Include="소스코드\[1786]찾기.cpp">
      <Filter>소스 파일</Filter>
    </ClCompile>
    <ClCompile Include="소스코드\[1874]스택 수열.cpp">
      <Filter>소스 파일</Filter>
    </ClCompile>
    <ClCompile Include="소스코드\[1904]01타일.cpp">
      <Filter>소스 파일</Filter>
    </ClCompile>
    <ClCompile Include="소스코드\[1912]연속합.cpp">
      <Filter>소스 파일</Filter>
    </ClCompile>
    <ClCompile Include="소스코드\[1916]최소비용 구하기.cpp">
      <Filter>소스 파일</Filter>
    </ClCompile>
    <ClCompile Include="소스코드\[1920]수 찾기.cpp">
      <Filter>소스 파일</Filter>
    </ClCompile>
    <ClCompile Include="소스코드\[1931]회의실 배정.cpp">
      <Filter>소스 파일</Filter>
    </ClCompile>
    <ClCompile Include="소스코드\[1932]정수 삼각형.cpp">
      <Filter>소스 파일</Filter>
    </ClCompile>
    <ClCompile Include="소스코드\[1937]욕심쟁이 판다.cpp">
      <Filter>소스 파일</Filter>
    </ClCompile>
    <ClCompile Include="소스코드\[1946]신입 사원.cpp">
      <Filter>소스 파일</Filter>
    </ClCompile>
    <ClCompile Include="소스코드\[1966]프린터 큐.cpp">
      <Filter>소스 파일</Filter>
    </ClCompile>
    <ClCompile Include="소스코드\[1976]여행 가자.cpp">
      <Filter>소스 파일</Filter>
    </ClCompile>
    <ClCompile Include="소스코드\[1987]알파벳.cpp">
      <Filter>소스 파일</Filter>
    </ClCompile>
    <ClCompile Include="소스코드\[2042]구간 합 구하기.cpp">
      <Filter>소스 파일</Filter>
    </ClCompile>
    <ClCompile Include="소스코드\[2108]통계학.cpp">
      <Filter>소스 파일</Filter>
    </ClCompile>
    <ClCompile Include="소스코드\[2110]공유기 설치.cpp">
      <Filter>소스 파일</Filter>
    </ClCompile>
    <ClCompile Include="소스코드\[2156]포도주 시식.cpp">
      <Filter>소스 파일</Filter>
    </ClCompile>
    <ClCompile Include="소스코드\[2178]미로 탐색 - 복사본.cpp">
      <Filter>소스 파일</Filter>
    </ClCompile>
    <ClCompile Include="소스코드\[2178]미로 탐색.cpp">
      <Filter>소스 파일</Filter>
    </ClCompile>
    <ClCompile Include="소스코드\[2213]트리의 독립집합.cpp">
      <Filter>소스 파일</Filter>
    </ClCompile>
    <ClCompile Include="소스코드\[2217]로프.cpp">
      <Filter>소스 파일</Filter>
    </ClCompile>
    <ClCompile Include="소스코드\[2225]합분해.cpp">
      <Filter>소스 파일</Filter>
    </ClCompile>
    <ClCompile Include="소스코드\[2231]분해합.cpp">
      <Filter>소스 파일</Filter>
    </ClCompile>
    <ClCompile Include="소스코드\[2252]줄 세우기.cpp">
      <Filter>소스 파일</Filter>
    </ClCompile>
    <ClCompile Include="소스코드\[2293]동전 1.cpp">
      <Filter>소스 파일</Filter>
    </ClCompile>
    <ClCompile Include="소스코드\[2309]일곱 난쟁이.cpp">
      <Filter>소스 파일</Filter>
    </ClCompile>
    <ClCompile Include="소스코드\[2357]최솟값과 최댓값.cpp">
      <Filter>소스 파일</Filter>
    </ClCompile>
    <ClCompile Include="소스코드\[2447]별 찍기 - 10.cpp">
      <Filter>소스 파일</Filter>
    </ClCompile>
    <ClCompile Include="소스코드\[2448]별 찍기 - 11.cpp">
      <Filter>소스 파일</Filter>
    </ClCompile>
    <ClCompile Include="소스코드\[2468]안전 영역.cpp">
      <Filter>소스 파일</Filter>
    </ClCompile>
    <ClCompile Include="소스코드\[2493]탑.cpp">
      <Filter>소스 파일</Filter>
    </ClCompile>
    <ClCompile Include="소스코드\[2512]예산.cpp">
      <Filter>소스 파일</Filter>
    </ClCompile>
    <ClCompile Include="소스코드\[2529]부등호.cpp">
      <Filter>소스 파일</Filter>
    </ClCompile>
    <ClCompile Include="소스코드\[2559]수열.cpp">
      <Filter>소스 파일</Filter>
    </ClCompile>
    <ClCompile Include="소스코드\[2565]전깃줄.cpp">
      <Filter>소스 파일</Filter>
    </ClCompile>
    <ClCompile Include="소스코드\[2568]전깃줄 - 2 ★.cpp">
      <Filter>소스 파일</Filter>
    </ClCompile>
    <ClCompile Include="소스코드\[2579]계단 오르기.cpp">
      <Filter>소스 파일</Filter>
    </ClCompile>
    <ClCompile Include="소스코드\[2606]바이러스.cpp">
      <Filter>소스 파일</Filter>
    </ClCompile>
    <ClCompile Include="소스코드\[2667]단지번호붙이기.cpp">
      <Filter>소스 파일</Filter>
    </ClCompile>
    <ClCompile Include="소스코드\[2675]문자열 반복.cpp">
      <Filter>소스 파일</Filter>
    </ClCompile>
    <ClCompile Include="소스코드\[2748]피보나치 수 2.cpp">
      <Filter>소스 파일</Filter>
    </ClCompile>
    <ClCompile Include="소스코드\[2798]블랙잭.cpp">
      <Filter>소스 파일</Filter>
    </ClCompile>
    <ClCompile Include="소스코드\[2805]나무 자르기.cpp">
      <Filter>소스 파일</Filter>
    </ClCompile>
    <ClCompile Include="소스코드\[2839]설탕 배달.cpp">
      <Filter>소스 파일</Filter>
    </ClCompile>
    <ClCompile Include="소스코드\[3085]사탕 게임.cpp">
      <Filter>소스 파일</Filter>
    </ClCompile>
    <ClCompile Include="소스코드\[3190]뱀.cpp">
      <Filter>소스 파일</Filter>
    </ClCompile>
    <ClCompile Include="소스코드\[3197]백조의 호수.cpp">
      <Filter>소스 파일</Filter>
    </ClCompile>
    <ClCompile Include="소스코드\[4344]평균은 넘겠지.cpp">
      <Filter>소스 파일</Filter>
    </ClCompile>
    <ClCompile Include="소스코드\[4673]셀프 넘버.cpp">
      <Filter>소스 파일</Filter>
    </ClCompile>
    <ClCompile Include="소스코드\[4949]균형잡힌 세상.cpp">
      <Filter>소스 파일</Filter>
    </ClCompile>
    <ClCompile Include="소스코드\[4963]섬의 개수.cpp">
      <Filter>소스 파일</Filter>
    </ClCompile>
    <ClCompile Include="소스코드\[5052]전화번호 목록.cpp">
      <Filter>소스 파일</Filter>
    </ClCompile>
    <ClCompile Include="소스코드\[5430]AC.cpp">
      <Filter>소스 파일</Filter>
    </ClCompile>
    <ClCompile Include="소스코드\[5525]IOIOI.cpp">
      <Filter>소스 파일</Filter>
    </ClCompile>
    <ClCompile Include="소스코드\[5585]거스름돈.cpp">
      <Filter>소스 파일</Filter>
    </ClCompile>
    <ClCompile Include="소스코드\[5622]다이얼.cpp">
      <Filter>소스 파일</Filter>
    </ClCompile>
    <ClCompile Include="소스코드\[6064]카잉 달력.cpp">
      <Filter>소스 파일</Filter>
    </ClCompile>
    <ClCompile Include="소스코드\[6549]히스토그램에서 가장 큰 직사각형.cpp">
      <Filter>소스 파일</Filter>
    </ClCompile>
    <ClCompile Include="소스코드\[7568]덩치.cpp">
      <Filter>소스 파일</Filter>
    </ClCompile>
    <ClCompile Include="소스코드\[7576]토마토.cpp">
      <Filter>소스 파일</Filter>
    </ClCompile>
    <ClCompile Include="소스코드\[9251]LCS ★.cpp">
      <Filter>소스 파일</Filter>
    </ClCompile>
    <ClCompile Include="소스코드\[9461]파도반 수열.cpp">
      <Filter>소스 파일</Filter>
    </ClCompile>
    <ClCompile Include="소스코드\[9465]스티커.cpp">
      <Filter>소스 파일</Filter>
    </ClCompile>
    <ClCompile Include="소스코드\[9935]문자열 폭발.cpp">
      <Filter>소스 파일</Filter>
    </ClCompile>
    <ClCompile Include="소스코드\[10250]ACM 호텔.cpp">
      <Filter>소스 파일</Filter>
    </ClCompile>
    <ClCompile Include="소스코드\[10610]30.cpp">
      <Filter>소스 파일</Filter>
    </ClCompile>
    <ClCompile Include="소스코드\[10815]숫자 카드.cpp">
      <Filter>소스 파일</Filter>
    </ClCompile>
    <ClCompile Include="소스코드\[10868]최솟값.cpp">
      <Filter>소스 파일</Filter>
    </ClCompile>
    <ClCompile Include="소스코드\[11047]동전 0.cpp">
      <Filter>소스 파일</Filter>
    </ClCompile>
    <ClCompile Include="소스코드\[11048]이동하기.cpp">
      <Filter>소스 파일</Filter>
    </ClCompile>
    <ClCompile Include="소스코드\[11049]행렬 곱셈 순서.cpp">
      <Filter>소스 파일</Filter>
    </ClCompile>
    <ClCompile Include="소스코드\[11051]이항 계수 2.cpp">
      <Filter>소스 파일</Filter>
    </ClCompile>
    <ClCompile Include="소스코드\[11053]가장 긴 증가하는 부분 수열.cpp">
      <Filter>소스 파일</Filter>
    </ClCompile>
    <ClCompile Include="소스코드\[11054]가장 긴 바이토닉 부분 수열.cpp">
      <Filter>소스 파일</Filter>
    </ClCompile>
    <ClCompile Include="소스코드\[11055]가장 큰 증가 부분 수열.cpp">
      <Filter>소스 파일</Filter>
    </ClCompile>
    <ClCompile Include="소스코드\[11057]오르막 수.cpp">
      <Filter>소스 파일</Filter>
    </ClCompile>
    <ClCompile Include="소스코드\[11066]파일 합치기 ★.cpp">
      <Filter>소스 파일</Filter>
    </ClCompile>
    <ClCompile Include="소스코드\[11279]최대 힙.cpp">
      <Filter>소스 파일</Filter>
    </ClCompile>
    <ClCompile Include="소스코드\[11286]절댓값 힙.cpp">
      <Filter>소스 파일</Filter>
    </ClCompile>
    <ClCompile Include="소스코드\[11399]ATM.cpp">
      <Filter>소스 파일</Filter>
    </ClCompile>
    <ClCompile Include="소스코드\[11404]플로이드.cpp">
      <Filter>소스 파일</Filter>
    </ClCompile>
    <ClCompile Include="소스코드\[11720]숫자의 합.cpp">
      <Filter>소스 파일</Filter>
    </ClCompile>
    <ClCompile Include="소스코드\[11722]가장 긴 감소하는 부분 수열.cpp">
      <Filter>소스 파일</Filter>
    </ClCompile>
    <ClCompile Include="소스코드\[11724]연결 요소의 개수.cpp">
      <Filter>소스 파일</Filter>
    </ClCompile>
    <ClCompile Include="소스코드\[11726]2xn 타일링.cpp">
      <Filter>소스 파일</Filter>
    </ClCompile>
    <ClCompile Include="소스코드\[11727]2xn 타일링 2.cpp">
      <Filter>소스 파일</Filter>
    </ClCompile>
    <ClCompile Include="소스코드\[11779]최소비용 구하기 2.cpp">
      <Filter>소스 파일</Filter>
    </ClCompile>
    <ClCompile Include="소스코드\[12015]가장 긴 증가하는 부분 수열 2.cpp">
      <Filter>소스 파일</Filter>
    </ClCompile>
    <ClCompile Include="소스코드\[12865]평범한 배낭.cpp">
      <Filter>소스 파일</Filter>
    </ClCompile>
    <ClCompile Include="소스코드\[12931]두 배 더하기.cpp">
      <Filter>소스 파일</Filter>
    </ClCompile>
    <ClCompile Include="소스코드\[13305]주유소.cpp">
      <Filter>소스 파일</Filter>
    </ClCompile>
    <ClCompile Include="소스코드\[13335]트럭.cpp">
      <Filter>소스 파일</Filter>
    </ClCompile>
    <ClCompile Include="소스코드\[14002]가장 긴 증가하는 부분 수열 4.cpp">
      <Filter>소스 파일</Filter>
    </ClCompile>
    <ClCompile Include="소스코드\[14500]테트로미노.cpp">
      <Filter>소스 파일</Filter>
    </ClCompile>
    <ClCompile Include="소스코드\[14501]퇴사.cpp">
      <Filter>소스 파일</Filter>
    </ClCompile>
    <ClCompile Include="소스코드\[14502]연구소.cpp">
      <Filter>소스 파일</Filter>
    </ClCompile>
    <ClCompile Include="소스코드\[14503]로봇 청소기.cpp">
      <Filter>소스 파일</Filter>
    </ClCompile>
    <ClCompile Include="소스코드\[14567]선수과목 (Prerequisite).cpp">
      <Filter>소스 파일</Filter>
    </ClCompile>
    <ClCompile Include="소스코드\[14681]사분면 고르기.cpp">
      <Filter>소스 파일</Filter>
    </ClCompile>
    <ClCompile Include="소스코드\[14716]현수막.cpp">
      <Filter>소스 파일</Filter>
    </ClCompile>
    <ClCompile Include="소스코드\[14888]연산자 끼워넣기.cpp">
      <Filter>소스 파일</Filter>
    </ClCompile>
    <ClCompile Include="소스코드\[15483]최소 편집.cpp">
      <Filter>소스 파일</Filter>
    </ClCompile>
    <ClCompile Include="소스코드\[15649]N과 M (1).cpp">
      <Filter>소스 파일</Filter>
    </ClCompile>
    <ClCompile Include="소스코드\[15650]N과 M (2).cpp">
      <Filter>소스 파일</Filter>
    </ClCompile>
    <ClCompile Include="소스코드\[15651]N과 M(3).cpp">
      <Filter>소스 파일</Filter>
    </ClCompile>
    <ClCompile Include="소스코드\[15988]1, 2, 3 더하기 3.cpp">
      <Filter>소스 파일</Filter>
    </ClCompile>
    <ClCompile Include="소스코드\[16930]달리기.cpp">
      <Filter>소스 파일</Filter>
    </ClCompile>
    <ClCompile Include="소스코드\[16953]A → B.cpp">
      <Filter>소스 파일</Filter>
    </ClCompile>
    <ClCompile Include="소스코드\[18870]좌표 압축.cpp">
      <Filter>소스 파일</Filter>
    </ClCompile>
    <ClCompile Include="소스코드\[1715]카드 정렬하기.cpp">
      <Filter>소스 파일</Filter>
    </ClCompile>
    <ClCompile Include="소스코드\[1759]암호 만들기.cpp">
      <Filter>소스 파일</Filter>
    </ClCompile>
    <ClCompile Include="소스코드\[14499]주사위 굴리기.cpp">
      <Filter>소스 파일</Filter>
    </ClCompile>
    <ClCompile Include="소스코드\[11505]구간 곱 구하기.cpp">
      <Filter>소스 파일</Filter>
    </ClCompile>
    <ClCompile Include="소스코드\[2470]두 용액 ★.cpp">
      <Filter>소스 파일</Filter>
    </ClCompile>
    <ClCompile Include="소스코드\[2580]스도쿠.cpp">
      <Filter>소스 파일</Filter>
    </ClCompile>
    <ClCompile Include="소스코드\[4195]친구 네트워크.cpp">
      <Filter>소스 파일</Filter>
    </ClCompile>
    <ClCompile Include="소스코드\[2169]로봇 조종하기.cpp">
      <Filter>소스 파일</Filter>
    </ClCompile>
    <ClCompile Include="소스코드\[13549]숨바꼭질 3.cpp">
      <Filter>소스 파일</Filter>
    </ClCompile>
    <ClCompile Include="소스코드\[1305]광고.cpp">
      <Filter>소스 파일</Filter>
    </ClCompile>
    <ClCompile Include="소스코드\[16236]아기 상어.cpp">
      <Filter>소스 파일</Filter>
    </ClCompile>
    <ClCompile Include="10진수를 2진수로 바꾸기.cpp">
      <Filter>소스 파일</Filter>
    </ClCompile>
    <ClCompile Include="소스코드\[11723]집합.cpp">
      <Filter>소스 파일</Filter>
    </ClCompile>
    <ClCompile Include="소스코드\[1094]막대기.cpp">
      <Filter>소스 파일</Filter>
    </ClCompile>
    <ClCompile Include="소스코드\[1517]버블 소트 ★.cpp">
      <Filter>소스 파일</Filter>
    </ClCompile>
    <ClCompile Include="소스코드\[1562]계단 수.cpp">
      <Filter>소스 파일</Filter>
    </ClCompile>
    <ClCompile Include="소스코드\[1939]중량 제한 ★.cpp">
      <Filter>소스 파일</Filter>
    </ClCompile>
    <ClCompile Include="소스코드\[13460]구슬 탈출 2.cpp">
      <Filter>소스 파일</Filter>
    </ClCompile>
    <ClCompile Include="소스코드\[5582]공통 부분 문자열.cpp">
      <Filter>소스 파일</Filter>
    </ClCompile>
    <ClCompile Include="소스코드\[1992]쿼드트리.cpp">
      <Filter>소스 파일</Filter>
    </ClCompile>
    <ClCompile Include="소스코드\[16562]친구비.cpp">
      <Filter>소스 파일</Filter>
    </ClCompile>
    <ClCompile Include="소스코드\[1062]가르침.cpp">
      <Filter>소스 파일</Filter>
    </ClCompile>
    <ClCompile Include="소스코드\[2751]수 정렬하기 2.cpp">
      <Filter>소스 파일</Filter>
    </ClCompile>
    <ClCompile Include="소스코드\[1068]트리.cpp">
      <Filter>소스 파일</Filter>
    </ClCompile>
    <ClCompile Include="소스코드\[1509]팰린드롬 분할.cpp">
      <Filter>소스 파일</Filter>
    </ClCompile>
    <ClCompile Include="소스코드\[1275]커피숍2.cpp">
      <Filter>소스 파일</Filter>
    </ClCompile>
    <ClCompile Include="소스코드\[2096]내려가기.cpp">
      <Filter>소스 파일</Filter>
    </ClCompile>
    <ClCompile Include="소스코드\[1339]단어 수학.cpp">
      <Filter>소스 파일</Filter>
    </ClCompile>
    <ClCompile Include="소스코드\[1202]보석 도둑.cpp">
      <Filter>소스 파일</Filter>
    </ClCompile>
    <ClCompile Include="소스코드\!미완성_[17471]게리맨더링.cpp">
      <Filter>소스 파일</Filter>
    </ClCompile>
    <ClCompile Include="소스코드\[9466]텀 프로젝트.cpp">
      <Filter>소스 파일</Filter>
    </ClCompile>
    <ClCompile Include="소스코드\[14891]톱니바퀴.cpp">
      <Filter>소스 파일</Filter>
    </ClCompile>
    <ClCompile Include="소스코드\[10942]팰린드롬.cpp">
      <Filter>소스 파일</Filter>
    </ClCompile>
    <ClCompile Include="소스코드\[12100]2048 (Easy).cpp">
      <Filter>소스 파일</Filter>
    </ClCompile>
    <ClCompile Include="소스코드\[7578]공장.cpp">
      <Filter>소스 파일</Filter>
    </ClCompile>
    <ClCompile Include="소스코드\[14003]가장 긴 증가하는 부분 수열 5.cpp">
      <Filter>소스 파일</Filter>
    </ClCompile>
    <ClCompile Include="소스코드\[4485]녹색 옷 입은 애가 젤다지.cpp">
      <Filter>소스 파일</Filter>
    </ClCompile>
    <ClCompile Include="소스코드\[2437]저울.cpp">
      <Filter>소스 파일</Filter>
    </ClCompile>
    <ClCompile Include="소스코드\[1701]Cubeditor.cpp">
      <Filter>소스 파일</Filter>
    </ClCompile>
    <ClCompile Include="소스코드\[1516]게임 개발.cpp">
      <Filter>소스 파일</Filter>
    </ClCompile>
    <ClCompile Include="소스코드\[10775]공항.cpp">
      <Filter>소스 파일</Filter>
    </ClCompile>
    <ClCompile Include="소스코드\[11758]CCW.cpp">
      <Filter>소스 파일</Filter>
    </ClCompile>
    <ClCompile Include="소스코드\[16234]인구 이동.cpp">
      <Filter>소스 파일</Filter>
    </ClCompile>
    <ClCompile Include="소스코드\[2839]설탕 배달(2).cpp">
      <Filter>소스 파일</Filter>
    </ClCompile>
    <ClCompile Include="소스코드\[12904]A와 B.cpp">
      <Filter>소스 파일</Filter>
    </ClCompile>
    <ClCompile Include="소스코드\[1149]RGB 거리(2).cpp">
      <Filter>소스 파일</Filter>
    </ClCompile>
    <ClCompile Include="소스코드\[1309]동물원(2).cpp">
      <Filter>소스 파일</Filter>
    </ClCompile>
    <ClCompile Include="소스코드\[1446]지름길(2).cpp">
      <Filter>소스 파일</Filter>
    </ClCompile>
    <ClCompile Include="소스코드\[1463]1로 만들기.cpp">
      <Filter>소스 파일</Filter>
    </ClCompile>
    <ClCompile Include="소스코드\[14889]스타트와 링크.cpp">
      <Filter>소스 파일</Filter>
    </ClCompile>
    <ClCompile Include="소스코드\[3653]영화 수집 ★.cpp">
      <Filter>소스 파일</Filter>
    </ClCompile>
    <ClCompile Include="소스코드\[2193]이친수.cpp">
      <Filter>소스 파일</Filter>
    </ClCompile>
    <ClCompile Include="소스코드\[2579]계단 오르기(2).cpp">
      <Filter>소스 파일</Filter>
    </ClCompile>
    <ClCompile Include="소스코드\[1958]LCS 3.cpp">
      <Filter>소스 파일</Filter>
    </ClCompile>
    <ClCompile Include="소스코드\[9095]1, 2, 3 더하기.cpp">
      <Filter>소스 파일</Filter>
    </ClCompile>
    <ClCompile Include="소스코드\[9184]신나는 함수 실행.cpp">
      <Filter>소스 파일</Filter>
    </ClCompile>
    <ClCompile Include="소스코드\[7453]합이 0인 네 정수.cpp">
      <Filter>소스 파일</Filter>
    </ClCompile>
    <ClCompile Include="소스코드\[2003]수들의 합 2.cpp">
      <Filter>소스 파일</Filter>
    </ClCompile>
    <ClCompile Include="소스코드\[1806]부분합.cpp">
      <Filter>소스 파일</Filter>
    </ClCompile>
    <ClCompile Include="소스코드\[9465]스티커(2).cpp">
      <Filter>소스 파일</Filter>
    </ClCompile>
    <ClCompile Include="소스코드\[10844]쉬운 계단 수.cpp">
      <Filter>소스 파일</Filter>
    </ClCompile>
    <ClCompile Include="소스코드\[11052]카드 구매하기.cpp">
      <Filter>소스 파일</Filter>
    </ClCompile>
    <ClCompile Include="소스코드\[11053]가장 긴 증가하는 부분 수열(2).cpp">
      <Filter>소스 파일</Filter>
    </ClCompile>
    <ClCompile Include="소스코드\[15683]감시.cpp">
      <Filter>소스 파일</Filter>
    </ClCompile>
    <ClCompile Include="소스코드\[16916]부분 문자열.cpp">
      <Filter>소스 파일</Filter>
    </ClCompile>
    <ClCompile Include="소스코드\[11054]가장 긴 바이토닉 부분 수열(2).cpp">
      <Filter>소스 파일</Filter>
    </ClCompile>
    <ClCompile Include="소스코드\[1700]멀티탭 스케쥴링.cpp">
      <Filter>소스 파일</Filter>
    </ClCompile>
    <ClCompile Include="소스코드\[15990]1, 2, 3 더하기 5.cpp">
      <Filter>소스 파일</Filter>
    </ClCompile>
    <ClCompile Include="소스코드\[18352]특정 거리의 도시 찾기.cpp">
      <Filter>소스 파일</Filter>
    </ClCompile>
    <ClCompile Include="소스코드\[10953]A+B-6.cpp">
      <Filter>소스 파일</Filter>
    </ClCompile>
    <ClCompile Include="소스코드\[10822]더하기.cpp">
      <Filter>소스 파일</Filter>
    </ClCompile>
    <ClCompile Include="소스코드\[15686]치킨 배달.cpp">
      <Filter>소스 파일</Filter>
    </ClCompile>
    <ClCompile Include="소스코드\[1120]문자열(2).cpp">
      <Filter>소스 파일</Filter>
    </ClCompile>
    <ClCompile Include="소스코드\[1541]잃어버린 괄호(2).cpp">
      <Filter>소스 파일</Filter>
    </ClCompile>
    <ClCompile Include="소스코드\[14725]개미굴.cpp">
      <Filter>소스 파일</Filter>
    </ClCompile>
    <ClCompile Include="소스코드\[2243]사탕상자.cpp">
      <Filter>소스 파일</Filter>
    </ClCompile>
    <ClCompile Include="소스코드\[2941]크로아티아 알파벳.cpp">
      <Filter>소스 파일</Filter>
    </ClCompile>
    <ClCompile Include="소스코드\[15684]사다리 조작.cpp">
      <Filter>소스 파일</Filter>
    </ClCompile>
    <ClCompile Include="소스코드\[1744]수 묶기.cpp">
      <Filter>소스 파일</Filter>
    </ClCompile>
    <ClCompile Include="소스코드\[2661]좋은수열 ★.cpp">
      <Filter>소스 파일</Filter>
    </ClCompile>
    <ClCompile Include="소스코드\[2517]달리기 ★.cpp">
      <Filter>소스 파일</Filter>
    </ClCompile>
    <ClCompile Include="소스코드\[4354]문자열 제곱.cpp">
      <Filter>소스 파일</Filter>
    </ClCompile>
    <ClCompile Include="소스코드\[5670]휴대폰 자판.cpp">
      <Filter>소스 파일</Filter>
    </ClCompile>
    <ClCompile Include="소스코드\[2908]상수.cpp">
      <Filter>소스 파일</Filter>
    </ClCompile>
    <ClCompile Include="소스코드\[7579]앱.cpp">
      <Filter>소스 파일</Filter>
    </ClCompile>
    <ClCompile Include="소스코드\[17144]미세먼지 안녕!.cpp">
      <Filter>소스 파일</Filter>
    </ClCompile>
    <ClCompile Include="소스코드\[2610]회의준비.cpp">
      <Filter>소스 파일</Filter>
    </ClCompile>
    <ClCompile Include="소스코드\[17136]색종이 붙이기.cpp">
      <Filter>소스 파일</Filter>
    </ClCompile>
    <ClCompile Include="소스코드\[17406]배열 돌리기.cpp">
      <Filter>소스 파일</Filter>
    </ClCompile>
    <ClCompile Include="소스코드\[7490]0 만들기.cpp">
      <Filter>소스 파일</Filter>
    </ClCompile>
    <ClCompile Include="소스코드\[1194]달이 차오른다, 가자.cpp">
      <Filter>소스 파일</Filter>
    </ClCompile>
    <ClCompile Include="소스코드\[11659]구간 합 구하기 4(dp ver).cpp">
      <Filter>소스 파일</Filter>
    </ClCompile>
    <ClCompile Include="소스코드\[11659]구간 합 구하기 4(segTree ver).cpp">
      <Filter>소스 파일</Filter>
    </ClCompile>
    <ClCompile Include="소스코드\[11659]구간 합 구하기 4(fenwickTree ver).cpp">
      <Filter>소스 파일</Filter>
    </ClCompile>
    <ClCompile Include="소스코드\[3020]개똥벌레.cpp">
      <Filter>소스 파일</Filter>
    </ClCompile>
    <ClCompile Include="소스코드\[15953]상금 헌터.cpp">
      <Filter>소스 파일</Filter>
    </ClCompile>
    <ClCompile Include="소스코드\[2294]동전 2.cpp">
      <Filter>소스 파일</Filter>
    </ClCompile>
    <ClCompile Include="소스코드\[2671]잠수함식별.cpp">
      <Filter>소스 파일</Filter>
    </ClCompile>
    <ClCompile Include="소스코드\[16637]괄호 추가하기.cpp">
      <Filter>소스 파일</Filter>
    </ClCompile>
    <ClCompile Include="소스코드\[11000]강의실 배정.cpp">
      <Filter>소스 파일</Filter>
    </ClCompile>
    <ClCompile Include="소스코드\[2800]괄호 제거 ★.cpp">
      <Filter>소스 파일</Filter>
    </ClCompile>
    <ClCompile Include="소스코드\[3273]두 수의 합.cpp">
      <Filter>소스 파일</Filter>
    </ClCompile>
    <ClCompile Include="소스코드\[1929]소수 구하기.cpp">
      <Filter>소스 파일</Filter>
    </ClCompile>
    <ClCompile Include="소스코드\[1644]소수의 연속합.cpp">
      <Filter>소스 파일</Filter>
    </ClCompile>
  </ItemGroup>
</Project>